
Microsoft Visual Studio Solution File, Format Version 12.00
# Visual Studio Version 16
VisualStudioVersion = 16.0.30517.126
MinimumVisualStudioVersion = 10.0.40219.1
Project("{FAE04EC0-301F-11D3-BF4B-00C04F79EFBC}") = "ThreeDimensionalChess", "ThreeDimensionalChess\ThreeDimensionalChess.csproj", "{9EF7F97D-7EF9-420B-812A-480A05E31042}"
EndProject
Global
	GlobalSection(SolutionConfigurationPlatforms) = preSolution
		Debug|Any CPU = Debug|Any CPU
		Release|Any CPU = Release|Any CPU
	EndGlobalSection
	GlobalSection(ProjectConfigurationPlatforms) = postSolution
		{9EF7F97D-7EF9-420B-812A-480A05E31042}.Debug|Any CPU.ActiveCfg = Debug|Any CPU
		{9EF7F97D-7EF9-420B-812A-480A05E31042}.Debug|Any CPU.Build.0 = Debug|Any CPU
		{9EF7F97D-7EF9-420B-812A-480A05E31042}.Release|Any CPU.ActiveCfg = Release|Any CPU
		{9EF7F97D-7EF9-420B-812A-480A05E31042}.Release|Any CPU.Build.0 = Release|Any CPU
	EndGlobalSection
	GlobalSection(SolutionProperties) = preSolution
		HideSolutionNode = FALSE
	EndGlobalSection
	GlobalSection(ExtensibilityGlobals) = postSolution
		SolutionGuid = {37F4C7FC-46AA-41D5-9BA0-45B32A12CE14}
	EndGlobalSection
EndGlobal
